{
  "version": 4,
  "terraform_version": "1.0.11",
  "serial": 52,
  "lineage": "e9b2b921-23f0-ffff-75e8-c7cf86149dc7",
  "outputs": {},
  "resources": [
    {
      "mode": "managed",
      "type": "proxmox_vm_qemu",
      "name": "control_plane",
      "provider": "provider[\"registry.terraform.io/telmate/proxmox\"]",
      "instances": [
        {
          "index_key": 0,
          "schema_version": 0,
          "attributes": {
            "additional_wait": 0,
            "agent": 0,
            "args": "",
            "balloon": 0,
            "bios": "seabios",
            "boot": "cdn",
            "bootdisk": "scsi0",
            "bridge": "",
            "ci_wait": null,
            "cicustom": "",
            "cipassword": "",
            "ciuser": "",
            "clone": "ubuntu20-cloudinit-template",
            "clone_wait": 0,
            "cloudinit_cdrom_storage": null,
            "cores": 4,
            "cpu": "host",
            "default_ipv4_address": null,
            "define_connection_info": true,
            "desc": "",
            "disk": [
              {
                "backup": 0,
                "cache": "none",
                "discard": "",
                "file": "vm-104-disk-0",
                "format": "raw",
                "iothread": 1,
                "mbps": 0,
                "mbps_rd": 0,
                "mbps_rd_max": 0,
                "mbps_wr": 0,
                "mbps_wr_max": 0,
                "media": "",
                "replicate": 0,
                "size": "20G",
                "slot": 0,
                "ssd": 0,
                "storage": "local-lvm",
                "storage_type": "lvmthin",
                "type": "scsi",
                "volume": "local-lvm:vm-104-disk-0"
              }
            ],
            "disk_gb": 0,
            "force_create": false,
            "force_recreate_on_change_of": null,
            "full_clone": true,
            "guest_agent_ready_timeout": 100,
            "hagroup": "",
            "hastate": "",
            "hotplug": "network,disk,usb",
            "id": "heri/qemu/104",
            "ipconfig0": "ip=192.168.0.130/24,gw=192.168.0.1",
            "ipconfig1": "",
            "ipconfig2": "",
            "ipconfig3": "",
            "ipconfig4": "",
            "ipconfig5": "",
            "iso": null,
            "kvm": true,
            "mac": "",
            "memory": 4098,
            "name": "control-plane-0.k8s.cluster",
            "nameserver": "",
            "network": [
              {
                "bridge": "vmbr0",
                "firewall": false,
                "link_down": false,
                "macaddr": "22:D9:D5:C3:7A:24",
                "model": "virtio",
                "queues": 0,
                "rate": 0,
                "tag": -1
              }
            ],
            "nic": "",
            "numa": false,
            "onboot": true,
            "os_network_config": null,
            "os_type": "cloud-init",
            "pool": "",
            "preprovision": true,
            "qemu_os": "other",
            "reboot_required": false,
            "scsihw": "virtio-scsi-pci",
            "searchdomain": "",
            "serial": [],
            "sockets": 1,
            "ssh_forward_ip": null,
            "ssh_host": null,
            "ssh_port": null,
            "ssh_private_key": null,
            "ssh_user": null,
            "sshkeys": "ssh-rsa AAAAB3NzaC1yc2EAAAADAQABAAACAQDJaYxiiherGC8dlGgiUGMhkRSllUzXjm8bveJZUtTz4B74pOGO/Qs682+QauucTTTPElgNQhGUfzvoCDlQiIA5TkQaTzsNl8HG4Ja/KUcwpyJMhjI/3RjUE3ZsVgp5vo7aDoetuYKp/wNSWhp48WLonrWEoblEp0GfFy8cWeRKjxjTSx9ZWaw4zRUUbYo/Dn/+zw4FzhZjDTJi76BA0KcxnokDXMJ4LPVC2itnZTMhA0/P09vfVEwzcFRgiUMeCnSWvp0xPH3MgFET7SWc5B09UmsjRJrXKSq85Y5szFG7OfBCD+67X8CW8Que5yRtnMSHlHhF5Djy0i5Vq6zwXIdo04PgzBysdiwjliMtsSPCkepx80RVUgYaFmhdFpeWnINv2pB30LIBaUj4/+kij1PxEcTKo13RfMxBnpRPHHyvS1FkiADUGKgHGOknF4sSUSXAqVNPQTIZoRn5KcOVPBqlEBUsiTXtayJOGPZAKS5BXz9mjnbyYK/yiKF08SaShmOKeU7gmoVu2mk5q5SYMbnAmQwyjpEV6VWF+Zx+3WIzEazP77qWDqKkaDZJikUsVF988Rfzx/d2Kh9G1o99lkuH3LOBLqnjbl3XbO/1xVebhXzXn9bWQUE/kUcHees0+bnFUg9hxT5FhrapRd/9YrqnFm+GlFRJADRHl62sBIidNQ== heri.parid@gmail.com\n\n",
            "storage": "",
            "storage_type": "",
            "tablet": true,
            "tags": "",
            "target_node": "heri",
            "timeouts": null,
            "unused_disk": [],
            "vcpus": 0,
            "vga": [],
            "vlan": -1,
            "vmid": null
          },
          "sensitive_attributes": [],
          "private": "eyJlMmJmYjczMC1lY2FhLTExZTYtOGY4OC0zNDM2M2JjN2M0YzAiOnsiY3JlYXRlIjoxMjAwMDAwMDAwMDAsImRlZmF1bHQiOjEyMDAwMDAwMDAwMCwiZGVsZXRlIjo5MDAwMDAwMDAwMCwicmVhZCI6MzAwMDAwMDAwMDAsInVwZGF0ZSI6OTAwMDAwMDAwMDB9fQ=="
        }
      ]
    },
    {
      "mode": "managed",
      "type": "proxmox_vm_qemu",
      "name": "worker_nodes",
      "provider": "provider[\"registry.terraform.io/telmate/proxmox\"]",
      "instances": [
        {
          "index_key": 0,
          "schema_version": 0,
          "attributes": {
            "additional_wait": 0,
            "agent": 0,
            "args": "",
            "balloon": 0,
            "bios": "seabios",
            "boot": "cdn",
            "bootdisk": "scsi0",
            "bridge": "",
            "ci_wait": null,
            "cicustom": "",
            "cipassword": "",
            "ciuser": "",
            "clone": "ubuntu20-cloudinit-template",
            "clone_wait": 0,
            "cloudinit_cdrom_storage": null,
            "cores": 4,
            "cpu": "host",
            "default_ipv4_address": null,
            "define_connection_info": true,
            "desc": "",
            "disk": [
              {
                "backup": 0,
                "cache": "none",
                "discard": "",
                "file": "vm-109-disk-0",
                "format": "raw",
                "iothread": 1,
                "mbps": 0,
                "mbps_rd": 0,
                "mbps_rd_max": 0,
                "mbps_wr": 0,
                "mbps_wr_max": 0,
                "media": "",
                "replicate": 0,
                "size": "20G",
                "slot": 0,
                "ssd": 0,
                "storage": "local-lvm",
                "storage_type": "lvmthin",
                "type": "scsi",
                "volume": "local-lvm:vm-109-disk-0"
              }
            ],
            "disk_gb": 0,
            "force_create": false,
            "force_recreate_on_change_of": null,
            "full_clone": true,
            "guest_agent_ready_timeout": 100,
            "hagroup": "",
            "hastate": "",
            "hotplug": "network,disk,usb",
            "id": "heri/qemu/109",
            "ipconfig0": "ip=192.168.0.140/24,gw=192.168.0.1",
            "ipconfig1": "",
            "ipconfig2": "",
            "ipconfig3": "",
            "ipconfig4": "",
            "ipconfig5": "",
            "iso": null,
            "kvm": true,
            "mac": "",
            "memory": 4098,
            "name": "worker-0.k8s.cluster",
            "nameserver": "",
            "network": [
              {
                "bridge": "vmbr0",
                "firewall": false,
                "link_down": false,
                "macaddr": "42:CD:37:47:75:42",
                "model": "virtio",
                "queues": 0,
                "rate": 0,
                "tag": -1
              }
            ],
            "nic": "",
            "numa": false,
            "onboot": true,
            "os_network_config": null,
            "os_type": "cloud-init",
            "pool": "",
            "preprovision": true,
            "qemu_os": "other",
            "reboot_required": false,
            "scsihw": "virtio-scsi-pci",
            "searchdomain": "",
            "serial": [],
            "sockets": 1,
            "ssh_forward_ip": null,
            "ssh_host": null,
            "ssh_port": null,
            "ssh_private_key": null,
            "ssh_user": null,
            "sshkeys": "ssh-rsa AAAAB3NzaC1yc2EAAAADAQABAAACAQDJaYxiiherGC8dlGgiUGMhkRSllUzXjm8bveJZUtTz4B74pOGO/Qs682+QauucTTTPElgNQhGUfzvoCDlQiIA5TkQaTzsNl8HG4Ja/KUcwpyJMhjI/3RjUE3ZsVgp5vo7aDoetuYKp/wNSWhp48WLonrWEoblEp0GfFy8cWeRKjxjTSx9ZWaw4zRUUbYo/Dn/+zw4FzhZjDTJi76BA0KcxnokDXMJ4LPVC2itnZTMhA0/P09vfVEwzcFRgiUMeCnSWvp0xPH3MgFET7SWc5B09UmsjRJrXKSq85Y5szFG7OfBCD+67X8CW8Que5yRtnMSHlHhF5Djy0i5Vq6zwXIdo04PgzBysdiwjliMtsSPCkepx80RVUgYaFmhdFpeWnINv2pB30LIBaUj4/+kij1PxEcTKo13RfMxBnpRPHHyvS1FkiADUGKgHGOknF4sSUSXAqVNPQTIZoRn5KcOVPBqlEBUsiTXtayJOGPZAKS5BXz9mjnbyYK/yiKF08SaShmOKeU7gmoVu2mk5q5SYMbnAmQwyjpEV6VWF+Zx+3WIzEazP77qWDqKkaDZJikUsVF988Rfzx/d2Kh9G1o99lkuH3LOBLqnjbl3XbO/1xVebhXzXn9bWQUE/kUcHees0+bnFUg9hxT5FhrapRd/9YrqnFm+GlFRJADRHl62sBIidNQ== heri.parid@gmail.com\n\n",
            "storage": "",
            "storage_type": "",
            "tablet": true,
            "tags": "",
            "target_node": "heri",
            "timeouts": null,
            "unused_disk": [],
            "vcpus": 0,
            "vga": [],
            "vlan": -1,
            "vmid": null
          },
          "sensitive_attributes": [],
          "private": "eyJlMmJmYjczMC1lY2FhLTExZTYtOGY4OC0zNDM2M2JjN2M0YzAiOnsiY3JlYXRlIjoxMjAwMDAwMDAwMDAsImRlZmF1bHQiOjEyMDAwMDAwMDAwMCwiZGVsZXRlIjo5MDAwMDAwMDAwMCwicmVhZCI6MzAwMDAwMDAwMDAsInVwZGF0ZSI6OTAwMDAwMDAwMDB9fQ=="
        },
        {
          "index_key": 1,
          "schema_version": 0,
          "attributes": {
            "additional_wait": 0,
            "agent": 0,
            "args": "",
            "balloon": 0,
            "bios": "seabios",
            "boot": "cdn",
            "bootdisk": "scsi0",
            "bridge": "",
            "ci_wait": null,
            "cicustom": "",
            "cipassword": "",
            "ciuser": "",
            "clone": "ubuntu20-cloudinit-template",
            "clone_wait": 0,
            "cloudinit_cdrom_storage": null,
            "cores": 4,
            "cpu": "host",
            "default_ipv4_address": null,
            "define_connection_info": true,
            "desc": "",
            "disk": [
              {
                "backup": 0,
                "cache": "none",
                "discard": "",
                "file": "vm-106-disk-0",
                "format": "raw",
                "iothread": 1,
                "mbps": 0,
                "mbps_rd": 0,
                "mbps_rd_max": 0,
                "mbps_wr": 0,
                "mbps_wr_max": 0,
                "media": "",
                "replicate": 0,
                "size": "20G",
                "slot": 0,
                "ssd": 0,
                "storage": "local-lvm",
                "storage_type": "lvmthin",
                "type": "scsi",
                "volume": "local-lvm:vm-106-disk-0"
              }
            ],
            "disk_gb": 0,
            "force_create": false,
            "force_recreate_on_change_of": null,
            "full_clone": true,
            "guest_agent_ready_timeout": 100,
            "hagroup": "",
            "hastate": "",
            "hotplug": "network,disk,usb",
            "id": "heri/qemu/106",
            "ipconfig0": "ip=192.168.0.141/24,gw=192.168.0.1",
            "ipconfig1": "",
            "ipconfig2": "",
            "ipconfig3": "",
            "ipconfig4": "",
            "ipconfig5": "",
            "iso": null,
            "kvm": true,
            "mac": "",
            "memory": 4098,
            "name": "worker-1.k8s.cluster",
            "nameserver": "",
            "network": [
              {
                "bridge": "vmbr0",
                "firewall": false,
                "link_down": false,
                "macaddr": "36:B9:90:CC:A7:BA",
                "model": "virtio",
                "queues": 0,
                "rate": 0,
                "tag": -1
              }
            ],
            "nic": "",
            "numa": false,
            "onboot": true,
            "os_network_config": null,
            "os_type": "cloud-init",
            "pool": "",
            "preprovision": true,
            "qemu_os": "other",
            "reboot_required": false,
            "scsihw": "virtio-scsi-pci",
            "searchdomain": "",
            "serial": [],
            "sockets": 1,
            "ssh_forward_ip": null,
            "ssh_host": null,
            "ssh_port": null,
            "ssh_private_key": null,
            "ssh_user": null,
            "sshkeys": "ssh-rsa AAAAB3NzaC1yc2EAAAADAQABAAACAQDJaYxiiherGC8dlGgiUGMhkRSllUzXjm8bveJZUtTz4B74pOGO/Qs682+QauucTTTPElgNQhGUfzvoCDlQiIA5TkQaTzsNl8HG4Ja/KUcwpyJMhjI/3RjUE3ZsVgp5vo7aDoetuYKp/wNSWhp48WLonrWEoblEp0GfFy8cWeRKjxjTSx9ZWaw4zRUUbYo/Dn/+zw4FzhZjDTJi76BA0KcxnokDXMJ4LPVC2itnZTMhA0/P09vfVEwzcFRgiUMeCnSWvp0xPH3MgFET7SWc5B09UmsjRJrXKSq85Y5szFG7OfBCD+67X8CW8Que5yRtnMSHlHhF5Djy0i5Vq6zwXIdo04PgzBysdiwjliMtsSPCkepx80RVUgYaFmhdFpeWnINv2pB30LIBaUj4/+kij1PxEcTKo13RfMxBnpRPHHyvS1FkiADUGKgHGOknF4sSUSXAqVNPQTIZoRn5KcOVPBqlEBUsiTXtayJOGPZAKS5BXz9mjnbyYK/yiKF08SaShmOKeU7gmoVu2mk5q5SYMbnAmQwyjpEV6VWF+Zx+3WIzEazP77qWDqKkaDZJikUsVF988Rfzx/d2Kh9G1o99lkuH3LOBLqnjbl3XbO/1xVebhXzXn9bWQUE/kUcHees0+bnFUg9hxT5FhrapRd/9YrqnFm+GlFRJADRHl62sBIidNQ== heri.parid@gmail.com\n\n",
            "storage": "",
            "storage_type": "",
            "tablet": true,
            "tags": "",
            "target_node": "heri",
            "timeouts": null,
            "unused_disk": [],
            "vcpus": 0,
            "vga": [],
            "vlan": -1,
            "vmid": null
          },
          "sensitive_attributes": [],
          "private": "eyJlMmJmYjczMC1lY2FhLTExZTYtOGY4OC0zNDM2M2JjN2M0YzAiOnsiY3JlYXRlIjoxMjAwMDAwMDAwMDAsImRlZmF1bHQiOjEyMDAwMDAwMDAwMCwiZGVsZXRlIjo5MDAwMDAwMDAwMCwicmVhZCI6MzAwMDAwMDAwMDAsInVwZGF0ZSI6OTAwMDAwMDAwMDB9fQ=="
        },
        {
          "index_key": 2,
          "schema_version": 0,
          "attributes": {
            "additional_wait": 0,
            "agent": 0,
            "args": "",
            "balloon": 0,
            "bios": "seabios",
            "boot": "cdn",
            "bootdisk": "scsi0",
            "bridge": "",
            "ci_wait": null,
            "cicustom": "",
            "cipassword": "",
            "ciuser": "",
            "clone": "ubuntu20-cloudinit-template",
            "clone_wait": 0,
            "cloudinit_cdrom_storage": null,
            "cores": 4,
            "cpu": "host",
            "default_ipv4_address": null,
            "define_connection_info": true,
            "desc": "",
            "disk": [
              {
                "backup": 0,
                "cache": "none",
                "discard": "",
                "file": "vm-105-disk-0",
                "format": "raw",
                "iothread": 1,
                "mbps": 0,
                "mbps_rd": 0,
                "mbps_rd_max": 0,
                "mbps_wr": 0,
                "mbps_wr_max": 0,
                "media": "",
                "replicate": 0,
                "size": "20G",
                "slot": 0,
                "ssd": 0,
                "storage": "local-lvm",
                "storage_type": "lvmthin",
                "type": "scsi",
                "volume": "local-lvm:vm-105-disk-0"
              }
            ],
            "disk_gb": 0,
            "force_create": false,
            "force_recreate_on_change_of": null,
            "full_clone": true,
            "guest_agent_ready_timeout": 100,
            "hagroup": "",
            "hastate": "",
            "hotplug": "network,disk,usb",
            "id": "heri/qemu/105",
            "ipconfig0": "ip=192.168.0.142/24,gw=192.168.0.1",
            "ipconfig1": "",
            "ipconfig2": "",
            "ipconfig3": "",
            "ipconfig4": "",
            "ipconfig5": "",
            "iso": null,
            "kvm": true,
            "mac": "",
            "memory": 4098,
            "name": "worker-2.k8s.cluster",
            "nameserver": "",
            "network": [
              {
                "bridge": "vmbr0",
                "firewall": false,
                "link_down": false,
                "macaddr": "32:7C:2B:DE:22:47",
                "model": "virtio",
                "queues": 0,
                "rate": 0,
                "tag": -1
              }
            ],
            "nic": "",
            "numa": false,
            "onboot": true,
            "os_network_config": null,
            "os_type": "cloud-init",
            "pool": "",
            "preprovision": true,
            "qemu_os": "other",
            "reboot_required": false,
            "scsihw": "virtio-scsi-pci",
            "searchdomain": "",
            "serial": [],
            "sockets": 1,
            "ssh_forward_ip": null,
            "ssh_host": null,
            "ssh_port": null,
            "ssh_private_key": null,
            "ssh_user": null,
            "sshkeys": "ssh-rsa AAAAB3NzaC1yc2EAAAADAQABAAACAQDJaYxiiherGC8dlGgiUGMhkRSllUzXjm8bveJZUtTz4B74pOGO/Qs682+QauucTTTPElgNQhGUfzvoCDlQiIA5TkQaTzsNl8HG4Ja/KUcwpyJMhjI/3RjUE3ZsVgp5vo7aDoetuYKp/wNSWhp48WLonrWEoblEp0GfFy8cWeRKjxjTSx9ZWaw4zRUUbYo/Dn/+zw4FzhZjDTJi76BA0KcxnokDXMJ4LPVC2itnZTMhA0/P09vfVEwzcFRgiUMeCnSWvp0xPH3MgFET7SWc5B09UmsjRJrXKSq85Y5szFG7OfBCD+67X8CW8Que5yRtnMSHlHhF5Djy0i5Vq6zwXIdo04PgzBysdiwjliMtsSPCkepx80RVUgYaFmhdFpeWnINv2pB30LIBaUj4/+kij1PxEcTKo13RfMxBnpRPHHyvS1FkiADUGKgHGOknF4sSUSXAqVNPQTIZoRn5KcOVPBqlEBUsiTXtayJOGPZAKS5BXz9mjnbyYK/yiKF08SaShmOKeU7gmoVu2mk5q5SYMbnAmQwyjpEV6VWF+Zx+3WIzEazP77qWDqKkaDZJikUsVF988Rfzx/d2Kh9G1o99lkuH3LOBLqnjbl3XbO/1xVebhXzXn9bWQUE/kUcHees0+bnFUg9hxT5FhrapRd/9YrqnFm+GlFRJADRHl62sBIidNQ== heri.parid@gmail.com\n\n",
            "storage": "",
            "storage_type": "",
            "tablet": true,
            "tags": "",
            "target_node": "heri",
            "timeouts": null,
            "unused_disk": [],
            "vcpus": 0,
            "vga": [],
            "vlan": -1,
            "vmid": null
          },
          "sensitive_attributes": [],
          "private": "eyJlMmJmYjczMC1lY2FhLTExZTYtOGY4OC0zNDM2M2JjN2M0YzAiOnsiY3JlYXRlIjoxMjAwMDAwMDAwMDAsImRlZmF1bHQiOjEyMDAwMDAwMDAwMCwiZGVsZXRlIjo5MDAwMDAwMDAwMCwicmVhZCI6MzAwMDAwMDAwMDAsInVwZGF0ZSI6OTAwMDAwMDAwMDB9fQ=="
        }
      ]
    }
  ]
}
